
Microsoft Visual Studio Solution File, Format Version 12.00
# Visual Studio Version 17
VisualStudioVersion = 17.14.36717.8 d17.14
MinimumVisualStudioVersion = 10.0.40219.1
Project("{FAE04EC0-301F-11D3-BF4B-00C04F79EFBC}") = "DecoShoesWeb", "DecoShoesWeb\DecoShoesWeb.csproj", "{AB983950-9761-4190-83FA-17AEBABB41FC}"
EndProject
Global
	GlobalSection(SolutionConfigurationPlatforms) = preSolution
		Debug|Any CPU = Debug|Any CPU
		Release|Any CPU = Release|Any CPU
	EndGlobalSection
	GlobalSection(ProjectConfigurationPlatforms) = postSolution
		{AB983950-9761-4190-83FA-17AEBABB41FC}.Debug|Any CPU.ActiveCfg = Debug|Any CPU
		{AB983950-9761-4190-83FA-17AEBABB41FC}.Debug|Any CPU.Build.0 = Debug|Any CPU
		{AB983950-9761-4190-83FA-17AEBABB41FC}.Release|Any CPU.ActiveCfg = Release|Any CPU
		{AB983950-9761-4190-83FA-17AEBABB41FC}.Release|Any CPU.Build.0 = Release|Any CPU
	EndGlobalSection
	GlobalSection(SolutionProperties) = preSolution
		HideSolutionNode = FALSE
	EndGlobalSection
	GlobalSection(ExtensibilityGlobals) = postSolution
		SolutionGuid = {C889A601-FDCA-412A-AC84-105133A9AB51}
	EndGlobalSection
EndGlobal
